
Microsoft Visual Studio Solution File, Format Version 12.00
# Visual Studio 15
VisualStudioVersion = 15.0.28307.421
MinimumVisualStudioVersion = 10.0.40219.1
Project("{FAE04EC0-301F-11D3-BF4B-00C04F79EFBC}") = "AirtableGH", "AirtableGH\AirtableGH.csproj", "{1696868F-7603-40EC-B3E6-B2FF7ED9E758}"
EndProject
Global
	GlobalSection(SolutionConfigurationPlatforms) = preSolution
		Debug|Any CPU = Debug|Any CPU
		Release|Any CPU = Release|Any CPU
	EndGlobalSection
	GlobalSection(ProjectConfigurationPlatforms) = postSolution
		{1696868F-7603-40EC-B3E6-B2FF7ED9E758}.Debug|Any CPU.ActiveCfg = Debug|Any CPU
		{1696868F-7603-40EC-B3E6-B2FF7ED9E758}.Debug|Any CPU.Build.0 = Debug|Any CPU
		{1696868F-7603-40EC-B3E6-B2FF7ED9E758}.Release|Any CPU.ActiveCfg = Release|Any CPU
		{1696868F-7603-40EC-B3E6-B2FF7ED9E758}.Release|Any CPU.Build.0 = Release|Any CPU
	EndGlobalSection
	GlobalSection(SolutionProperties) = preSolution
		HideSolutionNode = FALSE
	EndGlobalSection
	GlobalSection(ExtensibilityGlobals) = postSolution
		SolutionGuid = {433E1F1D-FFD2-4E54-A1B4-F0D16F903090}
	EndGlobalSection
EndGlobal
